{
  "name": "miniprogram",
  "version": "1.0.0",
  "lockfileVersion": 3,
  "requires": true,
  "packages": {
    "": {
      "name": "miniprogram",
      "version": "1.0.0",
      "license": "ISC",
      "dependencies": {
        "cos-wx-sdk-v5": "^0.7.11",
        "tim-upload-plugin": "^1.0.4",
        "tim-wx-sdk": "^2.16.3",
        "weui-miniprogram": "^1.2.7",
        "xmldom": "^0.1.31"
      }
    },
    "node_modules/cos-wx-sdk-v5": {
      "version": "0.7.11",
      "license": "ISC",
      "dependencies": {
        "xmldom": "^0.1.27"
      }
    },
    "node_modules/tim-upload-plugin": {
      "version": "1.0.4",
      "license": "ISC"
    },
    "node_modules/tim-wx-sdk": {
      "version": "2.16.3",
      "license": "ISC"
    },
    "node_modules/weui-miniprogram": {
      "version": "1.2.7",
      "resolved": "https://registry.npmmirror.com/weui-miniprogram/-/weui-miniprogram-1.2.7.tgz",
      "integrity": "sha512-KuoMzfwqw8x0jdURJc3NnsHziNOw11e6EJsW4mkROIH6QQjorMEhwAxj6aFZuPRnGZLFFFIz2TATxlUYxqoh0Q=="
    },
    "node_modules/xmldom": {
      "version": "0.1.31",
      "license": "(LGPL-2.0 or MIT)",
      "engines": {
        "node": ">=0.1"
      }
    }
  }
}
